// !$*UTF8*$!
{
	archiveVersion = 1;
	classes = {
	};
	objectVersion = 55;
	objects = {

/* Begin PBXBuildFile section */
		BF5CCBA027AE186F003BCF04 /* AppDelegate.swift in Sources */ = {isa = PBXBuildFile; fileRef = BF5CCB9F27AE186F003BCF04 /* AppDelegate.swift */; };
		BF5CCBA227AE186F003BCF04 /* SceneDelegate.swift in Sources */ = {isa = PBXBuildFile; fileRef = BF5CCBA127AE186F003BCF04 /* SceneDelegate.swift */; };
		BF5CCBA427AE186F003BCF04 /* ViewController.swift in Sources */ = {isa = PBXBuildFile; fileRef = BF5CCBA327AE186F003BCF04 /* ViewController.swift */; };
		BF5CCBA727AE186F003BCF04 /* Main.storyboard in Resources */ = {isa = PBXBuildFile; fileRef = BF5CCBA527AE186F003BCF04 /* Main.storyboard */; };
		BF5CCBA927AE186F003BCF04 /* Assets.xcassets in Resources */ = {isa = PBXBuildFile; fileRef = BF5CCBA827AE186F003BCF04 /* Assets.xcassets */; };
		BF5CCBAC27AE186F003BCF04 /* LaunchScreen.storyboard in Resources */ = {isa = PBXBuildFile; fileRef = BF5CCBAA27AE186F003BCF04 /* LaunchScreen.storyboard */; };
		BF5CCBB727AE186F003BCF04 /* EbunAlukoPreworkTests.swift in Sources */ = {isa = PBXBuildFile; fileRef = BF5CCBB627AE186F003BCF04 /* EbunAlukoPreworkTests.swift */; };
		BF5CCBC127AE186F003BCF04 /* EbunAlukoPreworkUITests.swift in Sources */ = {isa = PBXBuildFile; fileRef = BF5CCBC027AE186F003BCF04 /* EbunAlukoPreworkUITests.swift */; };
		BF5CCBC327AE186F003BCF04 /* EbunAlukoPreworkUITestsLaunchTests.swift in Sources */ = {isa = PBXBuildFile; fileRef = BF5CCBC227AE186F003BCF04 /* EbunAlukoPreworkUITestsLaunchTests.swift */; };
/* End PBXBuildFile section */

/* Begin PBXContainerItemProxy section */
		BF5CCBB327AE186F003BCF04 /* PBXContainerItemProxy */ = {
			isa = PBXContainerItemProxy;
			containerPortal = BF5CCB9427AE186F003BCF04 /* Project object */;
			proxyType = 1;
			remoteGlobalIDString = BF5CCB9B27AE186F003BCF04;
			remoteInfo = EbunAlukoPrework;
		};
		BF5CCBBD27AE186F003BCF04 /* PBXContainerItemProxy */ = {
			isa = PBXContainerItemProxy;
			containerPortal = BF5CCB9427AE186F003BCF04 /* Project object */;
			proxyType = 1;
			remoteGlobalIDString = BF5CCB9B27AE186F003BCF04;
			remoteInfo = EbunAlukoPrework;
		};
/* End PBXContainerItemProxy section */

/* Begin PBXFileReference section */
		BF5CCB9C27AE186F003BCF04 /* EbunAlukoPrework.app */ = {isa = PBXFileReference; explicitFileType = wrapper.application; includeInIndex = 0; path = EbunAlukoPrework.app; sourceTree = BUILT_PRODUCTS_DIR; };
		BF5CCB9F27AE186F003BCF04 /* AppDelegate.swift */ = {isa = PBXFileReference; lastKnownFileType = sourcecode.swift; path = AppDelegate.swift; sourceTree = "<group>"; };
		BF5CCBA127AE186F003BCF04 /* SceneDelegate.swift */ = {isa = PBXFileReference; lastKnownFileType = sourcecode.swift; path = SceneDelegate.swift; sourceTree = "<group>"; };
		BF5CCBA327AE186F003BCF04 /* ViewController.swift */ = {isa = PBXFileReference; lastKnownFileType = sourcecode.swift; path = ViewController.swift; sourceTree = "<group>"; };
		BF5CCBA627AE186F003BCF04 /* Base */ = {isa = PBXFileReference; lastKnownFileType = file.storyboard; name = Base; path = Base.lproj/Main.storyboard; sourceTree = "<group>"; };
		BF5CCBA827AE186F003BCF04 /* Assets.xcassets */ = {isa = PBXFileReference; lastKnownFileType = folder.assetcatalog; path = Assets.xcassets; sourceTree = "<group>"; };
		BF5CCBAB27AE186F003BCF04 /* Base */ = {isa = PBXFileReference; lastKnownFileType = file.storyboard; name = Base; path = Base.lproj/LaunchScreen.storyboard; sourceTree = "<group>"; };
		BF5CCBAD27AE186F003BCF04 /* Info.plist */ = {isa = PBXFileReference; lastKnownFileType = text.plist.xml; path = Info.plist; sourceTree = "<group>"; };
		BF5CCBB227AE186F003BCF04 /* EbunAlukoPreworkTests.xctest */ = {isa = PBXFileReference; explicitFileType = wrapper.cfbundle; includeInIndex = 0; path = EbunAlukoPreworkTests.xctest; sourceTree = BUILT_PRODUCTS_DIR; };
		BF5CCBB627AE186F003BCF04 /* EbunAlukoPreworkTests.swift */ = {isa = PBXFileReference; lastKnownFileType = sourcecode.swift; path = EbunAlukoPreworkTests.swift; sourceTree = "<group>"; };
		BF5CCBBC27AE186F003BCF04 /* EbunAlukoPreworkUITests.xctest */ = {isa = PBXFileReference; explicitFileType = wrapper.cfbundle; includeInIndex = 0; path = EbunAlukoPreworkUITests.xctest; sourceTree = BUILT_PRODUCTS_DIR; };
		BF5CCBC027AE186F003BCF04 /* EbunAlukoPreworkUITests.swift */ = {isa = PBXFileReference; lastKnownFileType = sourcecode.swift; path = EbunAlukoPreworkUITests.swift; sourceTree = "<group>"; };
		BF5CCBC227AE186F003BCF04 /* EbunAlukoPreworkUITestsLaunchTests.swift */ = {isa = PBXFileReference; lastKnownFileType = sourcecode.swift; path = EbunAlukoPreworkUITestsLaunchTests.swift; sourceTree = "<group>"; };
/* End PBXFileReference section */

/* Begin PBXFrameworksBuildPhase section */
		BF5CCB9927AE186F003BCF04 /* Frameworks */ = {
			isa = PBXFrameworksBuildPhase;
			buildActionMask = 2147483647;
			files = (
			);
			runOnlyForDeploymentPostprocessing = 0;
		};
		BF5CCBAF27AE186F003BCF04 /* Frameworks */ = {
			isa = PBXFrameworksBuildPhase;
			buildActionMask = 2147483647;
			files = (
			);
			runOnlyForDeploymentPostprocessing = 0;
		};
		BF5CCBB927AE186F003BCF04 /* Frameworks */ = {
			isa = PBXFrameworksBuildPhase;
			buildActionMask = 2147483647;
			files = (
			);
			runOnlyForDeploymentPostprocessing = 0;
		};
/* End PBXFrameworksBuildPhase section */

/* Begin PBXGroup section */
		BF5CCB9327AE186F003BCF04 = {
			isa = PBXGroup;
			children = (
				BF5CCB9E27AE186F003BCF04 /* EbunAlukoPrework */,
				BF5CCBB527AE186F003BCF04 /* EbunAlukoPreworkTests */,
				BF5CCBBF27AE186F003BCF04 /* EbunAlukoPreworkUITests */,
				BF5CCB9D27AE186F003BCF04 /* Products */,
			);
			sourceTree = "<group>";
		};
		BF5CCB9D27AE186F003BCF04 /* Products */ = {
			isa = PBXGroup;
			children = (
				BF5CCB9C27AE186F003BCF04 /* EbunAlukoPrework.app */,
				BF5CCBB227AE186F003BCF04 /* EbunAlukoPreworkTests.xctest */,
				BF5CCBBC27AE186F003BCF04 /* EbunAlukoPreworkUITests.xctest */,
			);
			name = Products;
			sourceTree = "<group>";
		};
		BF5CCB9E27AE186F003BCF04 /* EbunAlukoPrework */ = {
			isa = PBXGroup;
			children = (
				BF5CCB9F27AE186F003BCF04 /* AppDelegate.swift */,
				BF5CCBA127AE186F003BCF04 /* SceneDelegate.swift */,
				BF5CCBA327AE186F003BCF04 /* ViewController.swift */,
				BF5CCBA527AE186F003BCF04 /* Main.storyboard */,
				BF5CCBA827AE186F003BCF04 /* Assets.xcassets */,
				BF5CCBAA27AE186F003BCF04 /* LaunchScreen.storyboard */,
				BF5CCBAD27AE186F003BCF04 /* Info.plist */,
			);
			path = EbunAlukoPrework;
			sourceTree = "<group>";
		};
		BF5CCBB527AE186F003BCF04 /* EbunAlukoPreworkTests */ = {
			isa = PBXGroup;
			children = (
				BF5CCBB627AE186F003BCF04 /* EbunAlukoPreworkTests.swift */,
			);
			path = EbunAlukoPreworkTests;
			sourceTree = "<group>";
		};
		BF5CCBBF27AE186F003BCF04 /* EbunAlukoPreworkUITests */ = {
			isa = PBXGroup;
			children = (
				BF5CCBC027AE186F003BCF04 /* EbunAlukoPreworkUITests.swift */,
				BF5CCBC227AE186F003BCF04 /* EbunAlukoPreworkUITestsLaunchTests.swift */,
			);
			path = EbunAlukoPreworkUITests;
			sourceTree = "<group>";
		};
/* End PBXGroup section */

/* Begin PBXNativeTarget section */
		BF5CCB9B27AE186F003BCF04 /* EbunAlukoPrework */ = {
			isa = PBXNativeTarget;
			buildConfigurationList = BF5CCBC627AE186F003BCF04 /* Build configuration list for PBXNativeTarget "EbunAlukoPrework" */;
			buildPhases = (
				BF5CCB9827AE186F003BCF04 /* Sources */,
				BF5CCB9927AE186F003BCF04 /* Frameworks */,
				BF5CCB9A27AE186F003BCF04 /* Resources */,
			);
			buildRules = (
			);
			dependencies = (
			);
			name = EbunAlukoPrework;
			productName = EbunAlukoPrework;
			productReference = BF5CCB9C27AE186F003BCF04 /* EbunAlukoPrework.app */;
			productType = "com.apple.product-type.application";
		};
		BF5CCBB127AE186F003BCF04 /* EbunAlukoPreworkTests */ = {
			isa = PBXNativeTarget;
			buildConfigurationList = BF5CCBC927AE186F003BCF04 /* Build configuration list for PBXNativeTarget "EbunAlukoPreworkTests" */;
			buildPhases = (
				BF5CCBAE27AE186F003BCF04 /* Sources */,
				BF5CCBAF27AE186F003BCF04 /* Frameworks */,
				BF5CCBB027AE186F003BCF04 /* Resources */,
			);
			buildRules = (
			);
			dependencies = (
				BF5CCBB427AE186F003BCF04 /* PBXTargetDependency */,
			);
			name = EbunAlukoPreworkTests;
			productName = EbunAlukoPreworkTests;
			productReference = BF5CCBB227AE186F003BCF04 /* EbunAlukoPreworkTests.xctest */;
			productType = "com.apple.product-type.bundle.unit-test";
		};
		BF5CCBBB27AE186F003BCF04 /* EbunAlukoPreworkUITests */ = {
			isa = PBXNativeTarget;
			buildConfigurationList = BF5CCBCC27AE186F003BCF04 /* Build configuration list for PBXNativeTarget "EbunAlukoPreworkUITests" */;
			buildPhases = (
				BF5CCBB827AE186F003BCF04 /* Sources */,
				BF5CCBB927AE186F003BCF04 /* Frameworks */,
				BF5CCBBA27AE186F003BCF04 /* Resources */,
			);
			buildRules = (
			);
			dependencies = (
				BF5CCBBE27AE186F003BCF04 /* PBXTargetDependency */,
			);
			name = EbunAlukoPreworkUITests;
			productName = EbunAlukoPreworkUITests;
			productReference = BF5CCBBC27AE186F003BCF04 /* EbunAlukoPreworkUITests.xctest */;
			productType = "com.apple.product-type.bundle.ui-testing";
		};
/* End PBXNativeTarget section */

/* Begin PBXProject section */
		BF5CCB9427AE186F003BCF04 /* Project object */ = {
			isa = PBXProject;
			attributes = {
				BuildIndependentTargetsInParallel = 1;
				LastSwiftUpdateCheck = 1320;
				LastUpgradeCheck = 1320;
				TargetAttributes = {
					BF5CCB9B27AE186F003BCF04 = {
						CreatedOnToolsVersion = 13.2.1;
					};
					BF5CCBB127AE186F003BCF04 = {
						CreatedOnToolsVersion = 13.2.1;
						TestTargetID = BF5CCB9B27AE186F003BCF04;
					};
					BF5CCBBB27AE186F003BCF04 = {
						CreatedOnToolsVersion = 13.2.1;
						TestTargetID = BF5CCB9B27AE186F003BCF04;
					};
				};
			};
			buildConfigurationList = BF5CCB9727AE186F003BCF04 /* Build configuration list for PBXProject "EbunAlukoPrework" */;
			compatibilityVersion = "Xcode 13.0";
			developmentRegion = en;
			hasScannedForEncodings = 0;
			knownRegions = (
				en,
				Base,
			);
			mainGroup = BF5CCB9327AE186F003BCF04;
			productRefGroup = BF5CCB9D27AE186F003BCF04 /* Products */;
			projectDirPath = "";
			projectRoot = "";
			targets = (
				BF5CCB9B27AE186F003BCF04 /* EbunAlukoPrework */,
				BF5CCBB127AE186F003BCF04 /* EbunAlukoPreworkTests */,
				BF5CCBBB27AE186F003BCF04 /* EbunAlukoPreworkUITests */,
			);
		};
/* End PBXProject section */

/* Begin PBXResourcesBuildPhase section */
		BF5CCB9A27AE186F003BCF04 /* Resources */ = {
			isa = PBXResourcesBuildPhase;
			buildActionMask = 2147483647;
			files = (
				BF5CCBAC27AE186F003BCF04 /* LaunchScreen.storyboard in Resources */,
				BF5CCBA927AE186F003BCF04 /* Assets.xcassets in Resources */,
				BF5CCBA727AE186F003BCF04 /* Main.storyboard in Resources */,
			);
			runOnlyForDeploymentPostprocessing = 0;
		};
		BF5CCBB027AE186F003BCF04 /* Resources */ = {
			isa = PBXResourcesBuildPhase;
			buildActionMask = 2147483647;
			files = (
			);
			runOnlyForDeploymentPostprocessing = 0;
		};
		BF5CCBBA27AE186F003BCF04 /* Resources */ = {
			isa = PBXResourcesBuildPhase;
			buildActionMask = 2147483647;
			files = (
			);
			runOnlyForDeploymentPostprocessing = 0;
		};
/* End PBXResourcesBuildPhase section */

/* Begin PBXSourcesBuildPhase section */
		BF5CCB9827AE186F003BCF04 /* Sources */ = {
			isa = PBXSourcesBuildPhase;
			buildActionMask = 2147483647;
			files = (
				BF5CCBA427AE186F003BCF04 /* ViewController.swift in Sources */,
				BF5CCBA027AE186F003BCF04 /* AppDelegate.swift in Sources */,
				BF5CCBA227AE186F003BCF04 /* SceneDelegate.swift in Sources */,
			);
			runOnlyForDeploymentPostprocessing = 0;
		};
		BF5CCBAE27AE186F003BCF04 /* Sources */ = {
			isa = PBXSourcesBuildPhase;
			buildActionMask = 2147483647;
			files = (
				BF5CCBB727AE186F003BCF04 /* EbunAlukoPreworkTests.swift in Sources */,
			);
			runOnlyForDeploymentPostprocessing = 0;
		};
		BF5CCBB827AE186F003BCF04 /* Sources */ = {
			isa = PBXSourcesBuildPhase;
			buildActionMask = 2147483647;
			files = (
				BF5CCBC327AE186F003BCF04 /* EbunAlukoPreworkUITestsLaunchTests.swift in Sources */,
				BF5CCBC127AE186F003BCF04 /* EbunAlukoPreworkUITests.swift in Sources */,
			);
			runOnlyForDeploymentPostprocessing = 0;
		};
/* End PBXSourcesBuildPhase section */

/* Begin PBXTargetDependency section */
		BF5CCBB427AE186F003BCF04 /* PBXTargetDependency */ = {
			isa = PBXTargetDependency;
			target = BF5CCB9B27AE186F003BCF04 /* EbunAlukoPrework */;
			targetProxy = BF5CCBB327AE186F003BCF04 /* PBXContainerItemProxy */;
		};
		BF5CCBBE27AE186F003BCF04 /* PBXTargetDependency */ = {
			isa = PBXTargetDependency;
			target = BF5CCB9B27AE186F003BCF04 /* EbunAlukoPrework */;
			targetProxy = BF5CCBBD27AE186F003BCF04 /* PBXContainerItemProxy */;
		};
/* End PBXTargetDependency section */

/* Begin PBXVariantGroup section */
		BF5CCBA527AE186F003BCF04 /* Main.storyboard */ = {
			isa = PBXVariantGroup;
			children = (
				BF5CCBA627AE186F003BCF04 /* Base */,
			);
			name = Main.storyboard;
			sourceTree = "<group>";
		};
		BF5CCBAA27AE186F003BCF04 /* LaunchScreen.storyboard */ = {
			isa = PBXVariantGroup;
			children = (
				BF5CCBAB27AE186F003BCF04 /* Base */,
			);
			name = LaunchScreen.storyboard;
			sourceTree = "<group>";
		};
/* End PBXVariantGroup section */

/* Begin XCBuildConfiguration section */
		BF5CCBC427AE186F003BCF04 /* Debug */ = {
			isa = XCBuildConfiguration;
			buildSettings = {
				ALWAYS_SEARCH_USER_PATHS = NO;
				CLANG_ANALYZER_NONNULL = YES;
				CLANG_ANALYZER_NUMBER_OBJECT_CONVERSION = YES_AGGRESSIVE;
				CLANG_CXX_LANGUAGE_STANDARD = "gnu++17";
				CLANG_CXX_LIBRARY = "libc++";
				CLANG_ENABLE_MODULES = YES;
				CLANG_ENABLE_OBJC_ARC = YES;
				CLANG_ENABLE_OBJC_WEAK = YES;
				CLANG_WARN_BLOCK_CAPTURE_AUTORELEASING = YES;
				CLANG_WARN_BOOL_CONVERSION = YES;
				CLANG_WARN_COMMA = YES;
				CLANG_WARN_CONSTANT_CONVERSION = YES;
				CLANG_WARN_DEPRECATED_OBJC_IMPLEMENTATIONS = YES;
				CLANG_WARN_DIRECT_OBJC_ISA_USAGE = YES_ERROR;
				CLANG_WARN_DOCUMENTATION_COMMENTS = YES;
				CLANG_WARN_EMPTY_BODY = YES;
				CLANG_WARN_ENUM_CONVERSION = YES;
				CLANG_WARN_INFINITE_RECURSION = YES;
				CLANG_WARN_INT_CONVERSION = YES;
				CLANG_WARN_NON_LITERAL_NULL_CONVERSION = YES;
				CLANG_WARN_OBJC_IMPLICIT_RETAIN_SELF = YES;
				CLANG_WARN_OBJC_LITERAL_CONVERSION = YES;
				CLANG_WARN_OBJC_ROOT_CLASS = YES_ERROR;
				CLANG_WARN_QUOTED_INCLUDE_IN_FRAMEWORK_HEADER = YES;
				CLANG_WARN_RANGE_LOOP_ANALYSIS = YES;
				CLANG_WARN_STRICT_PROTOTYPES = YES;
				CLANG_WARN_SUSPICIOUS_MOVE = YES;
				CLANG_WARN_UNGUARDED_AVAILABILITY = YES_AGGRESSIVE;
				CLANG_WARN_UNREACHABLE_CODE = YES;
				CLANG_WARN__DUPLICATE_METHOD_MATCH = YES;
				COPY_PHASE_STRIP = NO;
				DEBUG_INFORMATION_FORMAT = dwarf;
				ENABLE_STRICT_OBJC_MSGSEND = YES;
				ENABLE_TESTABILITY = YES;
				GCC_C_LANGUAGE_STANDARD = gnu11;
				GCC_DYNAMIC_NO_PIC = NO;
				GCC_NO_COMMON_BLOCKS = YES;
				GCC_OPTIMIZATION_LEVEL = 0;
				GCC_PREPROCESSOR_DEFINITIONS = (
					"DEBUG=1",
					"$(inherited)",
				);
				GCC_WARN_64_TO_32_BIT_CONVERSION = YES;
				GCC_WARN_ABOUT_RETURN_TYPE = YES_ERROR;
				GCC_WARN_UNDECLARED_SELECTOR = YES;
				GCC_WARN_UNINITIALIZED_AUTOS = YES_AGGRESSIVE;
				GCC_WARN_UNUSED_FUNCTION = YES;
				GCC_WARN_UNUSED_VARIABLE = YES;
				IPHONEOS_DEPLOYMENT_TARGET = 15.2;
				MTL_ENABLE_DEBUG_INFO = INCLUDE_SOURCE;
				MTL_FAST_MATH = YES;
				ONLY_ACTIVE_ARCH = YES;
				SDKROOT = iphoneos;
				SWIFT_ACTIVE_COMPILATION_CONDITIONS = DEBUG;
				SWIFT_OPTIMIZATION_LEVEL = "-Onone";
			};
			name = Debug;
		};
		BF5CCBC527AE186F003BCF04 /* Release */ = {
			isa = XCBuildConfiguration;
			buildSettings = {
				ALWAYS_SEARCH_USER_PATHS = NO;
				CLANG_ANALYZER_NONNULL = YES;
				CLANG_ANALYZER_NUMBER_OBJECT_CONVERSION = YES_AGGRESSIVE;
				CLANG_CXX_LANGUAGE_STANDARD = "gnu++17";
				CLANG_CXX_LIBRARY = "libc++";
				CLANG_ENABLE_MODULES = YES;
				CLANG_ENABLE_OBJC_ARC = YES;
				CLANG_ENABLE_OBJC_WEAK = YES;
				CLANG_WARN_BLOCK_CAPTURE_AUTORELEASING = YES;
				CLANG_WARN_BOOL_CONVERSION = YES;
				CLANG_WARN_COMMA = YES;
				CLANG_WARN_CONSTANT_CONVERSION = YES;
				CLANG_WARN_DEPRECATED_OBJC_IMPLEMENTATIONS = YES;
				CLANG_WARN_DIRECT_OBJC_ISA_USAGE = YES_ERROR;
				CLANG_WARN_DOCUMENTATION_COMMENTS = YES;
				CLANG_WARN_EMPTY_BODY = YES;
				CLANG_WARN_ENUM_CONVERSION = YES;
				CLANG_WARN_INFINITE_RECURSION = YES;
				CLANG_WARN_INT_CONVERSION = YES;
				CLANG_WARN_NON_LITERAL_NULL_CONVERSION = YES;
				CLANG_WARN_OBJC_IMPLICIT_RETAIN_SELF = YES;
				CLANG_WARN_OBJC_LITERAL_CONVERSION = YES;
				CLANG_WARN_OBJC_ROOT_CLASS = YES_ERROR;
				CLANG_WARN_QUOTED_INCLUDE_IN_FRAMEWORK_HEADER = YES;
				CLANG_WARN_RANGE_LOOP_ANALYSIS = YES;
				CLANG_WARN_STRICT_PROTOTYPES = YES;
				CLANG_WARN_SUSPICIOUS_MOVE = YES;
				CLANG_WARN_UNGUARDED_AVAILABILITY = YES_AGGRESSIVE;
				CLANG_WARN_UNREACHABLE_CODE = YES;
				CLANG_WARN__DUPLICATE_METHOD_MATCH = YES;
				COPY_PHASE_STRIP = NO;
				DEBUG_INFORMATION_FORMAT = "dwarf-with-dsym";
				ENABLE_NS_ASSERTIONS = NO;
				ENABLE_STRICT_OBJC_MSGSEND = YES;
				GCC_C_LANGUAGE_STANDARD = gnu11;
				GCC_NO_COMMON_BLOCKS = YES;
				GCC_WARN_64_TO_32_BIT_CONVERSION = YES;
				GCC_WARN_ABOUT_RETURN_TYPE = YES_ERROR;
				GCC_WARN_UNDECLARED_SELECTOR = YES;
				GCC_WARN_UNINITIALIZED_AUTOS = YES_AGGRESSIVE;
				GCC_WARN_UNUSED_FUNCTION = YES;
				GCC_WARN_UNUSED_VARIABLE = YES;
				IPHONEOS_DEPLOYMENT_TARGET = 15.2;
				MTL_ENABLE_DEBUG_INFO = NO;
				MTL_FAST_MATH = YES;
				SDKROOT = iphoneos;
				SWIFT_COMPILATION_MODE = wholemodule;
				SWIFT_OPTIMIZATION_LEVEL = "-O";
				VALIDATE_PRODUCT = YES;
			};
			name = Release;
		};
		BF5CCBC727AE186F003BCF04 /* Debug */ = {
			isa = XCBuildConfiguration;
			buildSettings = {
				ASSETCATALOG_COMPILER_APPICON_NAME = AppIcon;
				ASSETCATALOG_COMPILER_GLOBAL_ACCENT_COLOR_NAME = AccentColor;
				CODE_SIGN_STYLE = Automatic;
				CURRENT_PROJECT_VERSION = 1;
				GENERATE_INFOPLIST_FILE = YES;
				INFOPLIST_FILE = EbunAlukoPrework/Info.plist;
				INFOPLIST_KEY_UIApplicationSupportsIndirectInputEvents = YES;
				INFOPLIST_KEY_UILaunchStoryboardName = LaunchScreen;
				INFOPLIST_KEY_UIMainStoryboardFile = Main;
				INFOPLIST_KEY_UISupportedInterfaceOrientations_iPad = "UIInterfaceOrientationPortrait UIInterfaceOrientationPortraitUpsideDown UIInterfaceOrientationLandscapeLeft UIInterfaceOrientationLandscapeRight";
				INFOPLIST_KEY_UISupportedInterfaceOrientations_iPhone = "UIInterfaceOrientationPortrait UIInterfaceOrientationLandscapeLeft UIInterfaceOrientationLandscapeRight";
				LD_RUNPATH_SEARCH_PATHS = (
					"$(inherited)",
					"@executable_path/Frameworks",
				);
				MARKETING_VERSION = 1.0;
				PRODUCT_BUNDLE_IDENTIFIER = memo.com.EbunAlukoPrework;
				PRODUCT_NAME = "$(TARGET_NAME)";
				SWIFT_EMIT_LOC_STRINGS = YES;
				SWIFT_VERSION = 5.0;
				TARGETED_DEVICE_FAMILY = "1,2";
			};
			name = Debug;
		};
		BF5CCBC827AE186F003BCF04 /* Release */ = {
			isa = XCBuildConfiguration;
			buildSettings = {
				ASSETCATALOG_COMPILER_APPICON_NAME = AppIcon;
				ASSETCATALOG_COMPILER_GLOBAL_ACCENT_COLOR_NAME = AccentColor;
				CODE_SIGN_STYLE = Automatic;
				CURRENT_PROJECT_VERSION = 1;
				GENERATE_INFOPLIST_FILE = YES;
				INFOPLIST_FILE = EbunAlukoPrework/Info.plist;
				INFOPLIST_KEY_UIApplicationSupportsIndirectInputEvents = YES;
				INFOPLIST_KEY_UILaunchStoryboardName = LaunchScreen;
				INFOPLIST_KEY_UIMainStoryboardFile = Main;
				INFOPLIST_KEY_UISupportedInterfaceOrientations_iPad = "UIInterfaceOrientationPortrait UIInterfaceOrientationPortraitUpsideDown UIInterfaceOrientationLandscapeLeft UIInterfaceOrientationLandscapeRight";
				INFOPLIST_KEY_UISupportedInterfaceOrientations_iPhone = "UIInterfaceOrientationPortrait UIInterfaceOrientationLandscapeLeft UIInterfaceOrientationLandscapeRight";
				LD_RUNPATH_SEARCH_PATHS = (
					"$(inherited)",
					"@executable_path/Frameworks",
				);
				MARKETING_VERSION = 1.0;
				PRODUCT_BUNDLE_IDENTIFIER = memo.com.EbunAlukoPrework;
				PRODUCT_NAME = "$(TARGET_NAME)";
				SWIFT_EMIT_LOC_STRINGS = YES;
				SWIFT_VERSION = 5.0;
				TARGETED_DEVICE_FAMILY = "1,2";
			};
			name = Release;
		};
		BF5CCBCA27AE186F003BCF04 /* Debug */ = {
			isa = XCBuildConfiguration;
			buildSettings = {
				ALWAYS_EMBED_SWIFT_STANDARD_LIBRARIES = YES;
				BUNDLE_LOADER = "$(TEST_HOST)";
				CODE_SIGN_STYLE = Automatic;
				CURRENT_PROJECT_VERSION = 1;
				GENERATE_INFOPLIST_FILE = YES;
				IPHONEOS_DEPLOYMENT_TARGET = 15.2;
				MARKETING_VERSION = 1.0;
				PRODUCT_BUNDLE_IDENTIFIER = memo.com.EbunAlukoPreworkTests;
				PRODUCT_NAME = "$(TARGET_NAME)";
				SWIFT_EMIT_LOC_STRINGS = NO;
				SWIFT_VERSION = 5.0;
				TARGETED_DEVICE_FAMILY = "1,2";
				TEST_HOST = "$(BUILT_PRODUCTS_DIR)/EbunAlukoPrework.app/EbunAlukoPrework";
			};
			name = Debug;
		};
		BF5CCBCB27AE186F003BCF04 /* Release */ = {
			isa = XCBuildConfiguration;
			buildSettings = {
				ALWAYS_EMBED_SWIFT_STANDARD_LIBRARIES = YES;
				BUNDLE_LOADER = "$(TEST_HOST)";
				CODE_SIGN_STYLE = Automatic;
				CURRENT_PROJECT_VERSION = 1;
				GENERATE_INFOPLIST_FILE = YES;
				IPHONEOS_DEPLOYMENT_TARGET = 15.2;
				MARKETING_VERSION = 1.0;
				PRODUCT_BUNDLE_IDENTIFIER = memo.com.EbunAlukoPreworkTests;
				PRODUCT_NAME = "$(TARGET_NAME)";
				SWIFT_EMIT_LOC_STRINGS = NO;
				SWIFT_VERSION = 5.0;
				TARGETED_DEVICE_FAMILY = "1,2";
				TEST_HOST = "$(BUILT_PRODUCTS_DIR)/EbunAlukoPrework.app/EbunAlukoPrework";
			};
			name = Release;
		};
		BF5CCBCD27AE186F003BCF04 /* Debug */ = {
			isa = XCBuildConfiguration;
			buildSettings = {
				ALWAYS_EMBED_SWIFT_STANDARD_LIBRARIES = YES;
				CODE_SIGN_STYLE = Automatic;
				CURRENT_PROJECT_VERSION = 1;
				GENERATE_INFOPLIST_FILE = YES;
				MARKETING_VERSION = 1.0;
				PRODUCT_BUNDLE_IDENTIFIER = memo.com.EbunAlukoPreworkUITests;
				PRODUCT_NAME = "$(TARGET_NAME)";
				SWIFT_EMIT_LOC_STRINGS = NO;
				SWIFT_VERSION = 5.0;
				TARGETED_DEVICE_FAMILY = "1,2";
				TEST_TARGET_NAME = EbunAlukoPrework;
			};
			name = Debug;
		};
		BF5CCBCE27AE186F003BCF04 /* Release */ = {
			isa = XCBuildConfiguration;
			buildSettings = {
				ALWAYS_EMBED_SWIFT_STANDARD_LIBRARIES = YES;
				CODE_SIGN_STYLE = Automatic;
				CURRENT_PROJECT_VERSION = 1;
				GENERATE_INFOPLIST_FILE = YES;
				MARKETING_VERSION = 1.0;
				PRODUCT_BUNDLE_IDENTIFIER = memo.com.EbunAlukoPreworkUITests;
				PRODUCT_NAME = "$(TARGET_NAME)";
				SWIFT_EMIT_LOC_STRINGS = NO;
				SWIFT_VERSION = 5.0;
				TARGETED_DEVICE_FAMILY = "1,2";
				TEST_TARGET_NAME = EbunAlukoPrework;
			};
			name = Release;
		};
/* End XCBuildConfiguration section */

/* Begin XCConfigurationList section */
		BF5CCB9727AE186F003BCF04 /* Build configuration list for PBXProject "EbunAlukoPrework" */ = {
			isa = XCConfigurationList;
			buildConfigurations = (
				BF5CCBC427AE186F003BCF04 /* Debug */,
				BF5CCBC527AE186F003BCF04 /* Release */,
			);
			defaultConfigurationIsVisible = 0;
			defaultConfigurationName = Release;
		};
		BF5CCBC627AE186F003BCF04 /* Build configuration list for PBXNativeTarget "EbunAlukoPrework" */ = {
			isa = XCConfigurationList;
			buildConfigurations = (
				BF5CCBC727AE186F003BCF04 /* Debug */,
				BF5CCBC827AE186F003BCF04 /* Release */,
			);
			defaultConfigurationIsVisible = 0;
			defaultConfigurationName = Release;
		};
		BF5CCBC927AE186F003BCF04 /* Build configuration list for PBXNativeTarget "EbunAlukoPreworkTests" */ = {
			isa = XCConfigurationList;
			buildConfigurations = (
				BF5CCBCA27AE186F003BCF04 /* Debug */,
				BF5CCBCB27AE186F003BCF04 /* Release */,
			);
			defaultConfigurationIsVisible = 0;
			defaultConfigurationName = Release;
		};
		BF5CCBCC27AE186F003BCF04 /* Build configuration list for PBXNativeTarget "EbunAlukoPreworkUITests" */ = {
			isa = XCConfigurationList;
			buildConfigurations = (
				BF5CCBCD27AE186F003BCF04 /* Debug */,
				BF5CCBCE27AE186F003BCF04 /* Release */,
			);
			defaultConfigurationIsVisible = 0;
			defaultConfigurationName = Release;
		};
/* End XCConfigurationList section */
	};
	rootObject = BF5CCB9427AE186F003BCF04 /* Project object */;
}
